<?xml version="1.0" encoding="utf-8"?>
<Project ToolsVersion="4.0" xmlns="http://schemas.microsoft.com/developer/msbuild/2003">
  <ItemGroup>
    <Filter Include="Engine">
      <UniqueIdentifier>{fdc0204b-7147-4b85-b83b-2ea23dff403a}</UniqueIdentifier>
    </Filter>
    <Filter Include="Resource File">
      <UniqueIdentifier>{67DA6AB6-F800-4c08-8B7A-83BB121AAD01}</UniqueIdentifier>
      <Extensions>rc;ico;cur;bmp;dlg;rc2;rct;bin;rgs;gif;jpg;jpeg;jpe;resx;tiff;tif;png;wav;mfcribbon-ms</Extensions>
    </Filter>
    <Filter Include="Main">
      <UniqueIdentifier>{4e2e6863-b067-4a13-a97c-27f177df8c2a}</UniqueIdentifier>
    </Filter>
    <Filter Include="Engine\Core">
      <UniqueIdentifier>{285d41f6-6e06-43f8-84ab-03190979a06b}</UniqueIdentifier>
    </Filter>
    <Filter Include="Engine\Core\Math">
      <UniqueIdentifier>{28a33cda-63da-4f2f-940f-db6ac8bf0b47}</UniqueIdentifier>
    </Filter>
  </ItemGroup>
  <ItemGroup>
    <ClInclude Include="targetver.h">
      <Filter>Main</Filter>
    </ClInclude>
    <ClInclude Include="BeomsEngine.h">
      <Filter>Main</Filter>
    </ClInclude>
    <ClInclude Include="pch.h">
      <Filter>Main</Filter>
    </ClInclude>
    <ClInclude Include="Resource.h">
      <Filter>Main</Filter>
    </ClInclude>
    <ClInclude Include="FVector.h">
      <Filter>Engine\Core\Math</Filter>
    </ClInclude>
    <ClInclude Include="FVector4.h">
      <Filter>Engine\Core\Math</Filter>
    </ClInclude>
    <ClInclude Include="FMatrix.h">
      <Filter>Engine\Core\Math</Filter>
    </ClInclude>
  </ItemGroup>
  <ItemGroup>
    <ResourceCompile Include="BeomsEngine.rc">
      <Filter>Resource File</Filter>
    </ResourceCompile>
  </ItemGroup>
  <ItemGroup>
    <Image Include="small.ico">
      <Filter>Resource File</Filter>
    </Image>
    <Image Include="BeomsEngine.ico">
      <Filter>Resource File</Filter>
    </Image>
  </ItemGroup>
  <ItemGroup>
    <ClCompile Include="BeomsEngine.cpp">
      <Filter>Main</Filter>
    </ClCompile>
    <ClCompile Include="FMatrix.cpp">
      <Filter>Engine\Core\Math</Filter>
    </ClCompile>
    <ClCompile Include="FVector.cpp">
      <Filter>Engine\Core\Math</Filter>
    </ClCompile>
    <ClCompile Include="FVector4.cpp">
      <Filter>Engine\Core\Math</Filter>
    </ClCompile>
  </ItemGroup>
</Project>