<?xml version="1.0" encoding="utf-8"?>
<Project ToolsVersion="4.0" xmlns="http://schemas.microsoft.com/developer/msbuild/2003">
  <ItemGroup>
    <Filter Include="Engine">
      <UniqueIdentifier>{fdc0204b-7147-4b85-b83b-2ea23dff403a}</UniqueIdentifier>
    </Filter>
    <Filter Include="Resource File">
      <UniqueIdentifier>{67DA6AB6-F800-4c08-8B7A-83BB121AAD01}</UniqueIdentifier>
      <Extensions>rc;ico;cur;bmp;dlg;rc2;rct;bin;rgs;gif;jpg;jpeg;jpe;resx;tiff;tif;png;wav;mfcribbon-ms</Extensions>
    </Filter>
    <Filter Include="Main">
      <UniqueIdentifier>{4e2e6863-b067-4a13-a97c-27f177df8c2a}</UniqueIdentifier>
    </Filter>
    <Filter Include="Engine\Core">
      <UniqueIdentifier>{285d41f6-6e06-43f8-84ab-03190979a06b}</UniqueIdentifier>
    </Filter>
    <Filter Include="Engine\Core\Math">
      <UniqueIdentifier>{28a33cda-63da-4f2f-940f-db6ac8bf0b47}</UniqueIdentifier>
    </Filter>
    <Filter Include="Engine\Core\Utilities">
      <UniqueIdentifier>{553ea406-498a-4416-8aec-064dab9a99e1}</UniqueIdentifier>
    </Filter>
    <Filter Include="Engine\Rendering">
      <UniqueIdentifier>{8014c667-ab9c-49d8-a0db-1542e49eff3d}</UniqueIdentifier>
    </Filter>
    <Filter Include="Engine\Core\Types">
      <UniqueIdentifier>{49637153-d31b-4219-a4d0-466187373a73}</UniqueIdentifier>
    </Filter>
    <Filter Include="Engine\Core\Object">
      <UniqueIdentifier>{6fe56366-a8ae-4fe3-a46a-999e4a636e59}</UniqueIdentifier>
    </Filter>
    <Filter Include="Engine\Components">
      <UniqueIdentifier>{6b4e3eac-5a6c-45ca-9a19-a87dbfe3ef11}</UniqueIdentifier>
    </Filter>
    <Filter Include="Engine\Core\Actor">
      <UniqueIdentifier>{64443f27-c88e-4b55-a198-d8ea715c1554}</UniqueIdentifier>
    </Filter>
    <Filter Include="Engine\Core\Containers">
      <UniqueIdentifier>{3b8a83cf-8139-41b3-b21a-b18ff8afec34}</UniqueIdentifier>
    </Filter>
    <Filter Include="Engine\Core\Memory">
      <UniqueIdentifier>{5ad3f1c5-969c-495f-bcad-8528ee570860}</UniqueIdentifier>
    </Filter>
  </ItemGroup>
  <ItemGroup>
    <ClInclude Include="targetver.h">
      <Filter>Main</Filter>
    </ClInclude>
    <ClInclude Include="BeomsEngine.h">
      <Filter>Main</Filter>
    </ClInclude>
    <ClInclude Include="pch.h">
      <Filter>Main</Filter>
    </ClInclude>
    <ClInclude Include="Resource.h">
      <Filter>Main</Filter>
    </ClInclude>
    <ClInclude Include="Vector.h">
      <Filter>Engine\Core\Math</Filter>
    </ClInclude>
    <ClInclude Include="Vector4.h">
      <Filter>Engine\Core\Math</Filter>
    </ClInclude>
    <ClInclude Include="Matrix.h">
      <Filter>Engine\Core\Math</Filter>
    </ClInclude>
    <ClInclude Include="KismetProceduralMeshLibrary.h">
      <Filter>Engine\Rendering</Filter>
    </ClInclude>
    <ClInclude Include="Vertex.h">
      <Filter>Engine\Rendering</Filter>
    </ClInclude>
    <ClInclude Include="StaticMeshRenderData.h">
      <Filter>Engine\Rendering</Filter>
    </ClInclude>
    <ClInclude Include="Array.h">
      <Filter>Engine\Core\Containers</Filter>
    </ClInclude>
    <ClInclude Include="StaticArray.h">
      <Filter>Engine\Core\Containers</Filter>
    </ClInclude>
    <ClInclude Include="LinkedList.h">
      <Filter>Engine\Core\Containers</Filter>
    </ClInclude>
    <ClInclude Include="Map.h">
      <Filter>Engine\Core\Containers</Filter>
    </ClInclude>
    <ClInclude Include="Pair.h">
      <Filter>Engine\Core\Containers</Filter>
    </ClInclude>
    <ClInclude Include="Queue.h">
      <Filter>Engine\Core\Containers</Filter>
    </ClInclude>
    <ClInclude Include="Set.h">
      <Filter>Engine\Core\Containers</Filter>
    </ClInclude>
    <ClInclude Include="Types.h">
      <Filter>Engine\Core\Types</Filter>
    </ClInclude>
    <ClInclude Include="Containers.h">
      <Filter>Engine\Core\Containers</Filter>
    </ClInclude>
    <ClInclude Include="Object.h">
      <Filter>Engine\Core\Object</Filter>
    </ClInclude>
    <ClInclude Include="Actor.h">
      <Filter>Engine\Core\Actor</Filter>
    </ClInclude>
    <ClInclude Include="ActorComponent.h">
      <Filter>Engine\Components</Filter>
    </ClInclude>
    <ClInclude Include="String.h">
      <Filter>Engine\Core\Containers</Filter>
    </ClInclude>
    <ClInclude Include="Class.h">
      <Filter>Engine\Core\Object</Filter>
    </ClInclude>
    <ClInclude Include="ObjectMacros.h">
      <Filter>Engine\Core\Object</Filter>
    </ClInclude>
    <ClInclude Include="SceneComponent.h">
      <Filter>Engine\Components</Filter>
    </ClInclude>
    <ClInclude Include="Math.h">
      <Filter>Engine\Core\Math</Filter>
    </ClInclude>
    <ClInclude Include="UObjectArray.h">
      <Filter>Engine\Core\Object</Filter>
    </ClInclude>
    <ClInclude Include="Memory.h">
      <Filter>Engine\Core\Memory</Filter>
    </ClInclude>
    <ClInclude Include="ObjectInitializer.h">
      <Filter>Engine\Core\Object</Filter>
    </ClInclude>
    <ClInclude Include="Vector2.h">
      <Filter>Engine\Core\Math</Filter>
    </ClInclude>
    <ClInclude Include="MaterialInterface.h">
      <Filter>Engine\Rendering</Filter>
    </ClInclude>
    <ClInclude Include="Name.h">
      <Filter>Engine\Core\Object</Filter>
    </ClInclude>
    <ClInclude Include="StaticMesh.h">
      <Filter>Engine\Rendering</Filter>
    </ClInclude>
    <ClInclude Include="UObjectIterator.h">
      <Filter>Engine\Core\Utilities</Filter>
    </ClInclude>
    <ClInclude Include="PrimitiveComponent.h">
      <Filter>Engine\Components</Filter>
    </ClInclude>
    <ClInclude Include="StaticMeshComponent.h">
      <Filter>Engine\Components</Filter>
    </ClInclude>
    <ClInclude Include="MeshComponent.h">
      <Filter>Engine\Components</Filter>
    </ClInclude>
    <ClInclude Include="BoxSphereBounds.h">
      <Filter>Engine\Core\Math</Filter>
    </ClInclude>
    <ClInclude Include="StaticMeshActor.h">
      <Filter>Engine\Core\Actor</Filter>
    </ClInclude>
  </ItemGroup>
  <ItemGroup>
    <ResourceCompile Include="BeomsEngine.rc">
      <Filter>Resource File</Filter>
    </ResourceCompile>
  </ItemGroup>
  <ItemGroup>
    <Image Include="small.ico">
      <Filter>Resource File</Filter>
    </Image>
    <Image Include="BeomsEngine.ico">
      <Filter>Resource File</Filter>
    </Image>
  </ItemGroup>
  <ItemGroup>
    <ClCompile Include="BeomsEngine.cpp">
      <Filter>Main</Filter>
    </ClCompile>
    <ClCompile Include="Matrix.cpp">
      <Filter>Engine\Core\Math</Filter>
    </ClCompile>
    <ClCompile Include="Vector.cpp">
      <Filter>Engine\Core\Math</Filter>
    </ClCompile>
    <ClCompile Include="Vector4.cpp">
      <Filter>Engine\Core\Math</Filter>
    </ClCompile>
    <ClCompile Include="KismetProceduralMeshLibrary.cpp">
      <Filter>Engine\Rendering</Filter>
    </ClCompile>
    <ClCompile Include="Level.cpp">
      <Filter>Engine\Core</Filter>
    </ClCompile>
    <ClCompile Include="Object.cpp">
      <Filter>Engine\Core\Object</Filter>
    </ClCompile>
    <ClCompile Include="World.cpp">
      <Filter>Engine\Core</Filter>
    </ClCompile>
    <ClCompile Include="Actor.cpp">
      <Filter>Engine\Core\Actor</Filter>
    </ClCompile>
    <ClCompile Include="ActorComponent.cpp">
      <Filter>Engine\Components</Filter>
    </ClCompile>
    <ClCompile Include="Class.cpp">
      <Filter>Engine\Core\Object</Filter>
    </ClCompile>
    <ClCompile Include="SceneComponent.cpp">
      <Filter>Engine\Components</Filter>
    </ClCompile>
    <ClCompile Include="UObjectArray.cpp">
      <Filter>Engine\Core\Object</Filter>
    </ClCompile>
    <ClCompile Include="Memory.cpp">
      <Filter>Engine\Core\Memory</Filter>
    </ClCompile>
    <ClCompile Include="ObjectInitializer.cpp">
      <Filter>Engine\Core\Object</Filter>
    </ClCompile>
    <ClCompile Include="Name.cpp">
      <Filter>Engine\Core\Object</Filter>
    </ClCompile>
    <ClCompile Include="StaticMesh.cpp">
      <Filter>Engine\Rendering</Filter>
    </ClCompile>
    <ClCompile Include="PrimitiveComponent.cpp">
      <Filter>Engine\Components</Filter>
    </ClCompile>
    <ClCompile Include="StaticMeshComponent.cpp">
      <Filter>Engine\Components</Filter>
    </ClCompile>
    <ClCompile Include="MeshComponent.cpp">
      <Filter>Engine\Components</Filter>
    </ClCompile>
    <ClCompile Include="StaticMeshActor.cpp">
      <Filter>Engine\Core\Actor</Filter>
    </ClCompile>
  </ItemGroup>
</Project>